# This file is @generated by PDM.
# It is not intended for manual editing.

[metadata]
groups = ["default", "dev", "lsp"]
strategy = ["inherit_metadata"]
lock_version = "4.5.0"
content_hash = "sha256:6dce90da04d6c15658def32e2659833fca43a9f96bcc215f5215288a9d20cbf6"

[[metadata.targets]]
requires_python = "==3.12.*"

[[package]]
name = "add-trailing-comma"
version = "3.1.0"
requires_python = ">=3.8"
summary = "Automatically add trailing commas to calls and literals"
groups = ["dev"]
dependencies = [
    "tokenize-rt>=3.0.1",
]
files = [
    {file = "add_trailing_comma-3.1.0-py2.py3-none-any.whl", hash = "sha256:160207e2ac414a841a71f4f5095f7350f87af460aab3dfe36cfa037992530e5c"},
    {file = "add_trailing_comma-3.1.0.tar.gz", hash = "sha256:b255319d7ef6dca308b051ffd80fccf98c018879744c7c7e03083b2eee079c45"},
]

[[package]]
name = "astroid"
version = "3.3.5"
requires_python = ">=3.9.0"
summary = "An abstract syntax tree for Python with inference support."
groups = ["dev", "lsp"]
dependencies = [
    "typing-extensions>=4.0.0; python_version < \"3.11\"",
]
files = [
    {file = "astroid-3.3.5-py3-none-any.whl", hash = "sha256:a9d1c946ada25098d790e079ba2a1b112157278f3fb7e718ae6a9252f5835dc8"},
    {file = "astroid-3.3.5.tar.gz", hash = "sha256:5cfc40ae9f68311075d27ef68a4841bdc5cc7f6cf86671b49f00607d30188e2d"},
]

[[package]]
name = "black"
version = "24.10.0"
requires_python = ">=3.9"
summary = "The uncompromising code formatter."
groups = ["dev", "lsp"]
dependencies = [
    "click>=8.0.0",
    "mypy-extensions>=0.4.3",
    "packaging>=22.0",
    "pathspec>=0.9.0",
    "platformdirs>=2",
    "tomli>=1.1.0; python_version < \"3.11\"",
    "typing-extensions>=4.0.1; python_version < \"3.11\"",
]
files = [
    {file = "black-24.10.0-cp312-cp312-macosx_10_13_x86_64.whl", hash = "sha256:b5e39e0fae001df40f95bd8cc36b9165c5e2ea88900167bddf258bacef9bbdc3"},
    {file = "black-24.10.0-cp312-cp312-macosx_11_0_arm64.whl", hash = "sha256:d37d422772111794b26757c5b55a3eade028aa3fde43121ab7b673d050949d65"},
    {file = "black-24.10.0-cp312-cp312-manylinux_2_17_x86_64.manylinux2014_x86_64.manylinux_2_28_x86_64.whl", hash = "sha256:14b3502784f09ce2443830e3133dacf2c0110d45191ed470ecb04d0f5f6fcb0f"},
    {file = "black-24.10.0-cp312-cp312-win_amd64.whl", hash = "sha256:30d2c30dc5139211dda799758559d1b049f7f14c580c409d6ad925b74a4208a8"},
    {file = "black-24.10.0-py3-none-any.whl", hash = "sha256:3bb2b7a1f7b685f85b11fed1ef10f8a9148bceb49853e47a294a3dd963c1dd7d"},
    {file = "black-24.10.0.tar.gz", hash = "sha256:846ea64c97afe3bc677b761787993be4991810ecc7a4a937816dd6bddedc4875"},
]

[[package]]
name = "click"
version = "8.1.7"
requires_python = ">=3.7"
summary = "Composable command line interface toolkit"
groups = ["dev", "lsp"]
dependencies = [
    "colorama; platform_system == \"Windows\"",
    "importlib-metadata; python_version < \"3.8\"",
]
files = [
    {file = "click-8.1.7-py3-none-any.whl", hash = "sha256:ae74fb96c20a0277a1d615f1e4d73c8414f5a98db8b799a7931d1582f3390c28"},
    {file = "click-8.1.7.tar.gz", hash = "sha256:ca9853ad459e787e2192211578cc907e7594e294c7ccc834310722b41b9ca6de"},
]

[[package]]
name = "colorama"
version = "0.4.6"
requires_python = "!=3.0.*,!=3.1.*,!=3.2.*,!=3.3.*,!=3.4.*,!=3.5.*,!=3.6.*,>=2.7"
summary = "Cross-platform colored terminal text."
groups = ["dev", "lsp"]
marker = "sys_platform == \"win32\" or platform_system == \"Windows\""
files = [
    {file = "colorama-0.4.6-py2.py3-none-any.whl", hash = "sha256:4f1d9991f5acc0ca119f9d443620b77f9d6b33703e51011c16baf57afb285fc6"},
    {file = "colorama-0.4.6.tar.gz", hash = "sha256:08695f5cb7ed6e0531a20572697297273c47b8cae5a63ffc6d6ed5c201be6e44"},
]

[[package]]
name = "dill"
version = "0.3.9"
requires_python = ">=3.8"
summary = "serialize all of Python"
groups = ["dev", "lsp"]
marker = "python_version >= \"3.11\""
files = [
    {file = "dill-0.3.9-py3-none-any.whl", hash = "sha256:468dff3b89520b474c0397703366b7b95eebe6303f108adf9b19da1f702be87a"},
    {file = "dill-0.3.9.tar.gz", hash = "sha256:81aa267dddf68cbfe8029c42ca9ec6a4ab3b22371d1c450abc54422577b4512c"},
]

[[package]]
name = "docstring-to-markdown"
version = "0.15"
requires_python = ">=3.6"
summary = "On the fly conversion of Python docstrings to markdown"
groups = ["lsp"]
files = [
    {file = "docstring-to-markdown-0.15.tar.gz", hash = "sha256:e146114d9c50c181b1d25505054a8d0f7a476837f0da2c19f07e06eaed52b73d"},
    {file = "docstring_to_markdown-0.15-py3-none-any.whl", hash = "sha256:27afb3faedba81e34c33521c32bbd258d7fbb79eedf7d29bc4e81080e854aec0"},
]

[[package]]
name = "flake8"
version = "7.1.1"
requires_python = ">=3.8.1"
summary = "the modular source code checker: pep8 pyflakes and co"
groups = ["dev", "lsp"]
dependencies = [
    "mccabe<0.8.0,>=0.7.0",
    "pycodestyle<2.13.0,>=2.12.0",
    "pyflakes<3.3.0,>=3.2.0",
]
files = [
    {file = "flake8-7.1.1-py2.py3-none-any.whl", hash = "sha256:597477df7860daa5aa0fdd84bf5208a043ab96b8e96ab708770ae0364dd03213"},
    {file = "flake8-7.1.1.tar.gz", hash = "sha256:049d058491e228e03e67b390f311bbf88fce2dbaa8fa673e7aea87b7198b8d38"},
]

[[package]]
name = "iniconfig"
version = "2.0.0"
requires_python = ">=3.7"
summary = "brain-dead simple config-ini parsing"
groups = ["dev"]
files = [
    {file = "iniconfig-2.0.0-py3-none-any.whl", hash = "sha256:b6a85871a79d2e3b22d2d1b94ac2824226a63c6b741c88f7ae975f18b6778374"},
    {file = "iniconfig-2.0.0.tar.gz", hash = "sha256:2d91e135bf72d31a410b17c16da610a82cb55f6b0477d1a902134b24a455b8b3"},
]

[[package]]
name = "isort"
version = "5.13.2"
requires_python = ">=3.8.0"
summary = "A Python utility / library to sort Python imports."
groups = ["dev", "lsp"]
files = [
    {file = "isort-5.13.2-py3-none-any.whl", hash = "sha256:8ca5e72a8d85860d5a3fa69b8745237f2939afe12dbf656afbcb47fe72d947a6"},
    {file = "isort-5.13.2.tar.gz", hash = "sha256:48fdfcb9face5d58a4f6dde2e72a1fb8dcaf8ab26f95ab49fab84c2ddefb0109"},
]

[[package]]
name = "jedi"
version = "0.19.1"
requires_python = ">=3.6"
summary = "An autocompletion tool for Python that can be used for text editors."
groups = ["lsp"]
dependencies = [
    "parso<0.9.0,>=0.8.3",
]
files = [
    {file = "jedi-0.19.1-py2.py3-none-any.whl", hash = "sha256:e983c654fe5c02867aef4cdfce5a2fbb4a50adc0af145f70504238f18ef5e7e0"},
    {file = "jedi-0.19.1.tar.gz", hash = "sha256:cf0496f3651bc65d7174ac1b7d043eff454892c708a87d1b683e57b569927ffd"},
]

[[package]]
name = "mccabe"
version = "0.7.0"
requires_python = ">=3.6"
summary = "McCabe checker, plugin for flake8"
groups = ["dev", "lsp"]
files = [
    {file = "mccabe-0.7.0-py2.py3-none-any.whl", hash = "sha256:6c2d30ab6be0e4a46919781807b4f0d834ebdd6c6e3dca0bda5a15f863427b6e"},
    {file = "mccabe-0.7.0.tar.gz", hash = "sha256:348e0240c33b60bbdf4e523192ef919f28cb2c3d7d5c7794f74009290f236325"},
]

[[package]]
name = "mypy-extensions"
version = "1.0.0"
requires_python = ">=3.5"
summary = "Type system extensions for programs checked with the mypy type checker."
groups = ["dev", "lsp"]
files = [
    {file = "mypy_extensions-1.0.0-py3-none-any.whl", hash = "sha256:4392f6c0eb8a5668a69e23d168ffa70f0be9ccfd32b5cc2d26a34ae5b844552d"},
    {file = "mypy_extensions-1.0.0.tar.gz", hash = "sha256:75dbf8955dc00442a438fc4d0666508a9a97b6bd41aa2f0ffe9d2f2725af0782"},
]

[[package]]
name = "packaging"
version = "24.1"
requires_python = ">=3.8"
summary = "Core utilities for Python packages"
groups = ["dev", "lsp"]
files = [
    {file = "packaging-24.1-py3-none-any.whl", hash = "sha256:5b8f2217dbdbd2f7f384c41c628544e6d52f2d0f53c6d0c3ea61aa5d1d7ff124"},
    {file = "packaging-24.1.tar.gz", hash = "sha256:026ed72c8ed3fcce5bf8950572258698927fd1dbda10a5e981cdf0ac37f4f002"},
]

[[package]]
name = "parso"
version = "0.8.4"
requires_python = ">=3.6"
summary = "A Python Parser"
groups = ["lsp"]
files = [
    {file = "parso-0.8.4-py2.py3-none-any.whl", hash = "sha256:a418670a20291dacd2dddc80c377c5c3791378ee1e8d12bffc35420643d43f18"},
    {file = "parso-0.8.4.tar.gz", hash = "sha256:eb3a7b58240fb99099a345571deecc0f9540ea5f4dd2fe14c2a99d6b281ab92d"},
]

[[package]]
name = "pathspec"
version = "0.12.1"
requires_python = ">=3.8"
summary = "Utility library for gitignore style pattern matching of file paths."
groups = ["dev", "lsp"]
files = [
    {file = "pathspec-0.12.1-py3-none-any.whl", hash = "sha256:a0d503e138a4c123b27490a4f7beda6a01c6f288df0e4a8b79c7eb0dc7b4cc08"},
    {file = "pathspec-0.12.1.tar.gz", hash = "sha256:a482d51503a1ab33b1c67a6c3813a26953dbdc71c31dacaef9a838c4e29f5712"},
]

[[package]]
name = "platformdirs"
version = "4.3.6"
requires_python = ">=3.8"
summary = "A small Python package for determining appropriate platform-specific dirs, e.g. a `user data dir`."
groups = ["dev", "lsp"]
files = [
    {file = "platformdirs-4.3.6-py3-none-any.whl", hash = "sha256:73e575e1408ab8103900836b97580d5307456908a03e92031bab39e4554cc3fb"},
    {file = "platformdirs-4.3.6.tar.gz", hash = "sha256:357fb2acbc885b0419afd3ce3ed34564c13c9b95c89360cd9563f73aa5e2b907"},
]

[[package]]
name = "pluggy"
version = "1.5.0"
requires_python = ">=3.8"
summary = "plugin and hook calling mechanisms for python"
groups = ["dev", "lsp"]
files = [
    {file = "pluggy-1.5.0-py3-none-any.whl", hash = "sha256:44e1ad92c8ca002de6377e165f3e0f1be63266ab4d554740532335b9d75ea669"},
    {file = "pluggy-1.5.0.tar.gz", hash = "sha256:2cffa88e94fdc978c4c574f15f9e59b7f4201d439195c3715ca9e2486f1d0cf1"},
]

[[package]]
name = "pycodestyle"
version = "2.12.1"
requires_python = ">=3.8"
summary = "Python style guide checker"
groups = ["dev", "lsp"]
files = [
    {file = "pycodestyle-2.12.1-py2.py3-none-any.whl", hash = "sha256:46f0fb92069a7c28ab7bb558f05bfc0110dac69a0cd23c61ea0040283a9d78b3"},
    {file = "pycodestyle-2.12.1.tar.gz", hash = "sha256:6838eae08bbce4f6accd5d5572075c63626a15ee3e6f842df996bf62f6d73521"},
]

[[package]]
name = "pyflakes"
version = "3.2.0"
requires_python = ">=3.8"
summary = "passive checker of Python programs"
groups = ["dev", "lsp"]
files = [
    {file = "pyflakes-3.2.0-py2.py3-none-any.whl", hash = "sha256:84b5be138a2dfbb40689ca07e2152deb896a65c3a3e24c251c5c62489568074a"},
    {file = "pyflakes-3.2.0.tar.gz", hash = "sha256:1c61603ff154621fb2a9172037d84dca3500def8c8b630657d1701f026f8af3f"},
]

[[package]]
name = "pylint"
version = "3.3.1"
requires_python = ">=3.9.0"
summary = "python code static checker"
groups = ["dev", "lsp"]
dependencies = [
    "astroid<=3.4.0-dev0,>=3.3.4",
    "colorama>=0.4.5; sys_platform == \"win32\"",
    "dill>=0.2; python_version < \"3.11\"",
    "dill>=0.3.6; python_version >= \"3.11\"",
    "dill>=0.3.7; python_version >= \"3.12\"",
    "isort!=5.13.0,<6,>=4.2.5",
    "mccabe<0.8,>=0.6",
    "platformdirs>=2.2.0",
    "tomli>=1.1.0; python_version < \"3.11\"",
    "tomlkit>=0.10.1",
    "typing-extensions>=3.10.0; python_version < \"3.10\"",
]
files = [
    {file = "pylint-3.3.1-py3-none-any.whl", hash = "sha256:2f846a466dd023513240bc140ad2dd73bfc080a5d85a710afdb728c420a5a2b9"},
    {file = "pylint-3.3.1.tar.gz", hash = "sha256:9f3dcc87b1203e612b78d91a896407787e708b3f189b5fa0b307712d49ff0c6e"},
]

[[package]]
name = "pylsp-rope"
version = "0.1.16"
requires_python = ">=3.6"
summary = "Extended refactoring capabilities for Python LSP Server using Rope."
groups = ["lsp"]
dependencies = [
    "python-lsp-server",
    "rope>=0.21.0",
    "typing-extensions; python_version < \"3.10\"",
]
files = [
    {file = "pylsp-rope-0.1.16.tar.gz", hash = "sha256:d680b688c60a40257a8842ec808a6e0de1596a47a5300f22aecfdc69555020a7"},
    {file = "pylsp_rope-0.1.16-py3-none-any.whl", hash = "sha256:a3d6aff3dd8da8c1ceaab92abfb03b146a710de7742a8a7b80e2d14965c0a285"},
]

[[package]]
name = "pytest"
version = "8.3.3"
requires_python = ">=3.8"
summary = "pytest: simple powerful testing with Python"
groups = ["dev"]
dependencies = [
    "colorama; sys_platform == \"win32\"",
    "exceptiongroup>=1.0.0rc8; python_version < \"3.11\"",
    "iniconfig",
    "packaging",
    "pluggy<2,>=1.5",
    "tomli>=1; python_version < \"3.11\"",
]
files = [
    {file = "pytest-8.3.3-py3-none-any.whl", hash = "sha256:a6853c7375b2663155079443d2e45de913a911a11d669df02a50814944db57b2"},
    {file = "pytest-8.3.3.tar.gz", hash = "sha256:70b98107bd648308a7952b06e6ca9a50bc660be218d53c257cc1fc94fda10181"},
]

[[package]]
name = "pytest-sugar"
version = "1.0.0"
summary = "pytest-sugar is a plugin for pytest that changes the default look and feel of pytest (e.g. progressbar, show tests that fail instantly)."
groups = ["dev"]
dependencies = [
    "packaging>=21.3",
    "pytest>=6.2.0",
    "termcolor>=2.1.0",
]
files = [
    {file = "pytest-sugar-1.0.0.tar.gz", hash = "sha256:6422e83258f5b0c04ce7c632176c7732cab5fdb909cb39cca5c9139f81276c0a"},
    {file = "pytest_sugar-1.0.0-py3-none-any.whl", hash = "sha256:70ebcd8fc5795dc457ff8b69d266a4e2e8a74ae0c3edc749381c64b5246c8dfd"},
]

[[package]]
name = "python-lsp-black"
version = "2.0.0"
requires_python = ">=3.8"
summary = "Black plugin for the Python LSP Server"
groups = ["lsp"]
dependencies = [
    "black>=23.11.0",
    "python-lsp-server>=1.4.0",
    "tomli; python_version < \"3.11\"",
]
files = [
    {file = "python-lsp-black-2.0.0.tar.gz", hash = "sha256:8286d2d310c566844b3c116b824ada6fccfa6ba228b1a09a0526b74c04e0805f"},
    {file = "python_lsp_black-2.0.0-py3-none-any.whl", hash = "sha256:d5efdee45f5fa9e5241f5d4d396cd46127f45c85817916b1fd92c2986652bf7e"},
]

[[package]]
name = "python-lsp-isort"
version = "0.2.0"
requires_python = ">=3.7"
summary = "isort plugin for the Python LSP Server"
groups = ["lsp"]
dependencies = [
    "isort>=5.0",
    "python-lsp-server",
]
files = [
    {file = "python_lsp_isort-0.2.0-py3-none-any.whl", hash = "sha256:a11964af4626bb7b4dc077483a3382f352b63e3bf8ac73f2f425ae7fd9398a97"},
    {file = "python_lsp_isort-0.2.0.tar.gz", hash = "sha256:79fe15ae71d33ab2a4ee8b7fb4727b434dfb26c7fc264527564056cdc48aa380"},
]

[[package]]
name = "python-lsp-jsonrpc"
version = "1.1.2"
requires_python = ">=3.8"
summary = "JSON RPC 2.0 server library"
groups = ["lsp"]
dependencies = [
    "ujson>=3.0.0",
]
files = [
    {file = "python-lsp-jsonrpc-1.1.2.tar.gz", hash = "sha256:4688e453eef55cd952bff762c705cedefa12055c0aec17a06f595bcc002cc912"},
    {file = "python_lsp_jsonrpc-1.1.2-py3-none-any.whl", hash = "sha256:7339c2e9630ae98903fdaea1ace8c47fba0484983794d6aafd0bd8989be2b03c"},
]

[[package]]
name = "python-lsp-server"
version = "1.12.0"
requires_python = ">=3.8"
summary = "Python Language Server for the Language Server Protocol"
groups = ["lsp"]
dependencies = [
    "docstring-to-markdown",
    "importlib-metadata>=4.8.3; python_version < \"3.10\"",
    "jedi<0.20.0,>=0.17.2",
    "pluggy>=1.0.0",
    "python-lsp-jsonrpc<2.0.0,>=1.1.0",
    "ujson>=3.0.0",
]
files = [
    {file = "python_lsp_server-1.12.0-py3-none-any.whl", hash = "sha256:2e912c661881d85f67f2076e4e66268b695b62bf127e07e81f58b187d4bb6eda"},
    {file = "python_lsp_server-1.12.0.tar.gz", hash = "sha256:b6a336f128da03bd9bac1e61c3acca6e84242b8b31055a1ccf49d83df9dc053b"},
]

[[package]]
name = "python-lsp-server"
version = "1.12.0"
extras = ["flake8", "pylint"]
requires_python = ">=3.8"
summary = "Python Language Server for the Language Server Protocol"
groups = ["lsp"]
dependencies = [
    "flake8<8,>=7.1",
    "pylint<4,>=3.1",
    "python-lsp-server==1.12.0",
]
files = [
    {file = "python_lsp_server-1.12.0-py3-none-any.whl", hash = "sha256:2e912c661881d85f67f2076e4e66268b695b62bf127e07e81f58b187d4bb6eda"},
    {file = "python_lsp_server-1.12.0.tar.gz", hash = "sha256:b6a336f128da03bd9bac1e61c3acca6e84242b8b31055a1ccf49d83df9dc053b"},
]

[[package]]
name = "pytoolconfig"
version = "1.3.1"
requires_python = ">=3.8"
summary = "Python tool configuration"
groups = ["lsp"]
dependencies = [
    "packaging>=23.2",
    "tomli>=2.0.1; python_version < \"3.11\"",
]
files = [
    {file = "pytoolconfig-1.3.1-py3-none-any.whl", hash = "sha256:5d8cea8ae1996938ec3eaf44567bbc5ef1bc900742190c439a44a704d6e1b62b"},
    {file = "pytoolconfig-1.3.1.tar.gz", hash = "sha256:51e6bd1a6f108238ae6aab6a65e5eed5e75d456be1c2bf29b04e5c1e7d7adbae"},
]

[[package]]
name = "pytoolconfig"
version = "1.3.1"
extras = ["global"]
requires_python = ">=3.8"
summary = "Python tool configuration"
groups = ["lsp"]
dependencies = [
    "platformdirs>=3.11.0",
    "pytoolconfig==1.3.1",
]
files = [
    {file = "pytoolconfig-1.3.1-py3-none-any.whl", hash = "sha256:5d8cea8ae1996938ec3eaf44567bbc5ef1bc900742190c439a44a704d6e1b62b"},
    {file = "pytoolconfig-1.3.1.tar.gz", hash = "sha256:51e6bd1a6f108238ae6aab6a65e5eed5e75d456be1c2bf29b04e5c1e7d7adbae"},
]

[[package]]
name = "rope"
version = "1.13.0"
requires_python = ">=3.8"
summary = "a python refactoring library..."
groups = ["lsp"]
dependencies = [
    "pytoolconfig[global]>=1.2.2",
]
files = [
    {file = "rope-1.13.0-py3-none-any.whl", hash = "sha256:b435a0c0971244fdcd8741676a9fae697ae614c20cc36003678a7782f25c0d6c"},
    {file = "rope-1.13.0.tar.gz", hash = "sha256:51437d2decc8806cd5e9dd1fd9c1306a6d9075ecaf78d191af85fc1dfface880"},
]

[[package]]
name = "termcolor"
version = "2.5.0"
requires_python = ">=3.9"
summary = "ANSI color formatting for output in terminal"
groups = ["dev"]
files = [
    {file = "termcolor-2.5.0-py3-none-any.whl", hash = "sha256:37b17b5fc1e604945c2642c872a3764b5d547a48009871aea3edd3afa180afb8"},
    {file = "termcolor-2.5.0.tar.gz", hash = "sha256:998d8d27da6d48442e8e1f016119076b690d962507531df4890fcd2db2ef8a6f"},
]

[[package]]
name = "tokenize-rt"
version = "6.1.0"
requires_python = ">=3.9"
summary = "A wrapper around the stdlib `tokenize` which roundtrips."
groups = ["dev"]
files = [
    {file = "tokenize_rt-6.1.0-py2.py3-none-any.whl", hash = "sha256:d706141cdec4aa5f358945abe36b911b8cbdc844545da99e811250c0cee9b6fc"},
    {file = "tokenize_rt-6.1.0.tar.gz", hash = "sha256:e8ee836616c0877ab7c7b54776d2fefcc3bde714449a206762425ae114b53c86"},
]

[[package]]
name = "tomlkit"
version = "0.13.2"
requires_python = ">=3.8"
summary = "Style preserving TOML library"
groups = ["dev", "lsp"]
files = [
    {file = "tomlkit-0.13.2-py3-none-any.whl", hash = "sha256:7a974427f6e119197f670fbbbeae7bef749a6c14e793db934baefc1b5f03efde"},
    {file = "tomlkit-0.13.2.tar.gz", hash = "sha256:fff5fe59a87295b278abd31bec92c15d9bc4a06885ab12bcea52c71119392e79"},
]

[[package]]
name = "ujson"
version = "5.10.0"
requires_python = ">=3.8"
summary = "Ultra fast JSON encoder and decoder for Python"
groups = ["lsp"]
files = [
    {file = "ujson-5.10.0-cp312-cp312-macosx_10_9_x86_64.whl", hash = "sha256:98ba15d8cbc481ce55695beee9f063189dce91a4b08bc1d03e7f0152cd4bbdd5"},
    {file = "ujson-5.10.0-cp312-cp312-macosx_11_0_arm64.whl", hash = "sha256:a9d2edbf1556e4f56e50fab7d8ff993dbad7f54bac68eacdd27a8f55f433578e"},
    {file = "ujson-5.10.0-cp312-cp312-manylinux_2_17_aarch64.manylinux2014_aarch64.whl", hash = "sha256:6627029ae4f52d0e1a2451768c2c37c0c814ffc04f796eb36244cf16b8e57043"},
    {file = "ujson-5.10.0-cp312-cp312-manylinux_2_17_x86_64.manylinux2014_x86_64.whl", hash = "sha256:f8ccb77b3e40b151e20519c6ae6d89bfe3f4c14e8e210d910287f778368bb3d1"},
    {file = "ujson-5.10.0-cp312-cp312-manylinux_2_5_i686.manylinux1_i686.manylinux_2_17_i686.manylinux2014_i686.whl", hash = "sha256:f3caf9cd64abfeb11a3b661329085c5e167abbe15256b3b68cb5d914ba7396f3"},
    {file = "ujson-5.10.0-cp312-cp312-musllinux_1_2_aarch64.whl", hash = "sha256:6e32abdce572e3a8c3d02c886c704a38a1b015a1fb858004e03d20ca7cecbb21"},
    {file = "ujson-5.10.0-cp312-cp312-musllinux_1_2_i686.whl", hash = "sha256:a65b6af4d903103ee7b6f4f5b85f1bfd0c90ba4eeac6421aae436c9988aa64a2"},
    {file = "ujson-5.10.0-cp312-cp312-musllinux_1_2_x86_64.whl", hash = "sha256:604a046d966457b6cdcacc5aa2ec5314f0e8c42bae52842c1e6fa02ea4bda42e"},
    {file = "ujson-5.10.0-cp312-cp312-win32.whl", hash = "sha256:6dea1c8b4fc921bf78a8ff00bbd2bfe166345f5536c510671bccececb187c80e"},
    {file = "ujson-5.10.0-cp312-cp312-win_amd64.whl", hash = "sha256:38665e7d8290188b1e0d57d584eb8110951a9591363316dd41cf8686ab1d0abc"},
    {file = "ujson-5.10.0.tar.gz", hash = "sha256:b3cd8f3c5d8c7738257f1018880444f7b7d9b66232c64649f562d7ba86ad4bc1"},
]
